
Microsoft Visual Studio Solution File, Format Version 12.00
# Visual Studio Version 16
VisualStudioVersion = 16.0.29123.88
MinimumVisualStudioVersion = 10.0.40219.1
Project("{FAE04EC0-301F-11D3-BF4B-00C04F79EFBC}") = "task1", "task1\task1.csproj", "{1F82A9E1-5810-4073-9A6B-1249AFA1E0C8}"
EndProject
Project("{FAE04EC0-301F-11D3-BF4B-00C04F79EFBC}") = "task2", "task2\task2.csproj", "{A465DBB5-7360-4195-96C5-89D7A38FA256}"
EndProject
Global
	GlobalSection(SolutionConfigurationPlatforms) = preSolution
		Debug|Any CPU = Debug|Any CPU
		Release|Any CPU = Release|Any CPU
	EndGlobalSection
	GlobalSection(ProjectConfigurationPlatforms) = postSolution
		{1F82A9E1-5810-4073-9A6B-1249AFA1E0C8}.Debug|Any CPU.ActiveCfg = Debug|Any CPU
		{1F82A9E1-5810-4073-9A6B-1249AFA1E0C8}.Debug|Any CPU.Build.0 = Debug|Any CPU
		{1F82A9E1-5810-4073-9A6B-1249AFA1E0C8}.Release|Any CPU.ActiveCfg = Release|Any CPU
		{1F82A9E1-5810-4073-9A6B-1249AFA1E0C8}.Release|Any CPU.Build.0 = Release|Any CPU
		{A465DBB5-7360-4195-96C5-89D7A38FA256}.Debug|Any CPU.ActiveCfg = Debug|Any CPU
		{A465DBB5-7360-4195-96C5-89D7A38FA256}.Debug|Any CPU.Build.0 = Debug|Any CPU
		{A465DBB5-7360-4195-96C5-89D7A38FA256}.Release|Any CPU.ActiveCfg = Release|Any CPU
		{A465DBB5-7360-4195-96C5-89D7A38FA256}.Release|Any CPU.Build.0 = Release|Any CPU
	EndGlobalSection
	GlobalSection(SolutionProperties) = preSolution
		HideSolutionNode = FALSE
	EndGlobalSection
	GlobalSection(ExtensibilityGlobals) = postSolution
		SolutionGuid = {86140262-CD72-4A08-8183-E4B7A88396CF}
	EndGlobalSection
EndGlobal
